
Microsoft Visual Studio Solution File, Format Version 12.00
# Visual Studio 14
VisualStudioVersion = 14.0.25420.1
MinimumVisualStudioVersion = 10.0.40219.1
Project("{F184B08F-C81C-45F6-A57F-5ABD9991F28F}") = "TrelloConnector", "TrelloConnector\TrelloConnector.vbproj", "{5E9D1A9C-BF67-4A30-B2C4-406EE606C314}"
EndProject
Project("{2150E333-8FDC-42A3-9474-1A3956D46DE8}") = "Solution Items", "Solution Items", "{8DE03F40-84B5-47C8-A96B-768E979ED010}"
	ProjectSection(SolutionItems) = preProject
		..\Pack-TrelloConnector.bat = ..\Pack-TrelloConnector.bat
		..\TrelloConnector.nuspec = ..\TrelloConnector.nuspec
	EndProjectSection
EndProject
Global
	GlobalSection(SolutionConfigurationPlatforms) = preSolution
		Debug|Any CPU = Debug|Any CPU
		Release|Any CPU = Release|Any CPU
	EndGlobalSection
	GlobalSection(ProjectConfigurationPlatforms) = postSolution
		{5E9D1A9C-BF67-4A30-B2C4-406EE606C314}.Debug|Any CPU.ActiveCfg = Debug|Any CPU
		{5E9D1A9C-BF67-4A30-B2C4-406EE606C314}.Debug|Any CPU.Build.0 = Debug|Any CPU
		{5E9D1A9C-BF67-4A30-B2C4-406EE606C314}.Release|Any CPU.ActiveCfg = Release|Any CPU
		{5E9D1A9C-BF67-4A30-B2C4-406EE606C314}.Release|Any CPU.Build.0 = Release|Any CPU
	EndGlobalSection
	GlobalSection(SolutionProperties) = preSolution
		HideSolutionNode = FALSE
	EndGlobalSection
EndGlobal
